// !$*UTF8*$!
{
	archiveVersion = 1;
	classes = {
	};
	objectVersion = 55;
	objects = {

/* Begin PBXBuildFile section */
		DF22FBE8275BA8D3003718DD /* AppDelegate.swift in Sources */ = {isa = PBXBuildFile; fileRef = DF22FBE7275BA8D3003718DD /* AppDelegate.swift */; };
		DF22FBEA275BA8D3003718DD /* SceneDelegate.swift in Sources */ = {isa = PBXBuildFile; fileRef = DF22FBE9275BA8D3003718DD /* SceneDelegate.swift */; };
		DF22FBEC275BA8D3003718DD /* ViewController.swift in Sources */ = {isa = PBXBuildFile; fileRef = DF22FBEB275BA8D3003718DD /* ViewController.swift */; };
		DF22FBEF275BA8D3003718DD /* Main.storyboard in Resources */ = {isa = PBXBuildFile; fileRef = DF22FBED275BA8D3003718DD /* Main.storyboard */; };
		DF22FBF2275BA8D3003718DD /* TableViewSectionsHeadersFooters.xcdatamodeld in Sources */ = {isa = PBXBuildFile; fileRef = DF22FBF0275BA8D3003718DD /* TableViewSectionsHeadersFooters.xcdatamodeld */; };
		DF22FBF4275BA8D3003718DD /* Assets.xcassets in Resources */ = {isa = PBXBuildFile; fileRef = DF22FBF3275BA8D3003718DD /* Assets.xcassets */; };
		DF22FBF7275BA8D3003718DD /* LaunchScreen.storyboard in Resources */ = {isa = PBXBuildFile; fileRef = DF22FBF5275BA8D3003718DD /* LaunchScreen.storyboard */; };
/* End PBXBuildFile section */

/* Begin PBXFileReference section */
		DF22FBE4275BA8D3003718DD /* TableViewSectionsHeadersFooters.app */ = {isa = PBXFileReference; explicitFileType = wrapper.application; includeInIndex = 0; path = TableViewSectionsHeadersFooters.app; sourceTree = BUILT_PRODUCTS_DIR; };
		DF22FBE7275BA8D3003718DD /* AppDelegate.swift */ = {isa = PBXFileReference; lastKnownFileType = sourcecode.swift; path = AppDelegate.swift; sourceTree = "<group>"; };
		DF22FBE9275BA8D3003718DD /* SceneDelegate.swift */ = {isa = PBXFileReference; lastKnownFileType = sourcecode.swift; path = SceneDelegate.swift; sourceTree = "<group>"; };
		DF22FBEB275BA8D3003718DD /* ViewController.swift */ = {isa = PBXFileReference; lastKnownFileType = sourcecode.swift; path = ViewController.swift; sourceTree = "<group>"; };
		DF22FBEE275BA8D3003718DD /* Base */ = {isa = PBXFileReference; lastKnownFileType = file.storyboard; name = Base; path = Base.lproj/Main.storyboard; sourceTree = "<group>"; };
		DF22FBF1275BA8D3003718DD /* TableViewSectionsHeadersFooters.xcdatamodel */ = {isa = PBXFileReference; lastKnownFileType = wrapper.xcdatamodel; path = TableViewSectionsHeadersFooters.xcdatamodel; sourceTree = "<group>"; };
		DF22FBF3275BA8D3003718DD /* Assets.xcassets */ = {isa = PBXFileReference; lastKnownFileType = folder.assetcatalog; path = Assets.xcassets; sourceTree = "<group>"; };
		DF22FBF6275BA8D3003718DD /* Base */ = {isa = PBXFileReference; lastKnownFileType = file.storyboard; name = Base; path = Base.lproj/LaunchScreen.storyboard; sourceTree = "<group>"; };
		DF22FBF8275BA8D3003718DD /* Info.plist */ = {isa = PBXFileReference; lastKnownFileType = text.plist.xml; path = Info.plist; sourceTree = "<group>"; };
/* End PBXFileReference section */

/* Begin PBXFrameworksBuildPhase section */
		DF22FBE1275BA8D3003718DD /* Frameworks */ = {
			isa = PBXFrameworksBuildPhase;
			buildActionMask = 2147483647;
			files = (
			);
			runOnlyForDeploymentPostprocessing = 0;
		};
/* End PBXFrameworksBuildPhase section */

/* Begin PBXGroup section */
		DF22FBDB275BA8D3003718DD = {
			isa = PBXGroup;
			children = (
				DF22FBE6275BA8D3003718DD /* TableViewSectionsHeadersFooters */,
				DF22FBE5275BA8D3003718DD /* Products */,
			);
			sourceTree = "<group>";
		};
		DF22FBE5275BA8D3003718DD /* Products */ = {
			isa = PBXGroup;
			children = (
				DF22FBE4275BA8D3003718DD /* TableViewSectionsHeadersFooters.app */,
			);
			name = Products;
			sourceTree = "<group>";
		};
		DF22FBE6275BA8D3003718DD /* TableViewSectionsHeadersFooters */ = {
			isa = PBXGroup;
			children = (
				DF22FBE7275BA8D3003718DD /* AppDelegate.swift */,
				DF22FBE9275BA8D3003718DD /* SceneDelegate.swift */,
				DF22FBEB275BA8D3003718DD /* ViewController.swift */,
				DF22FBED275BA8D3003718DD /* Main.storyboard */,
				DF22FBF3275BA8D3003718DD /* Assets.xcassets */,
				DF22FBF5275BA8D3003718DD /* LaunchScreen.storyboard */,
				DF22FBF8275BA8D3003718DD /* Info.plist */,
				DF22FBF0275BA8D3003718DD /* TableViewSectionsHeadersFooters.xcdatamodeld */,
			);
			path = TableViewSectionsHeadersFooters;
			sourceTree = "<group>";
		};
/* End PBXGroup section */

/* Begin PBXNativeTarget section */
		DF22FBE3275BA8D3003718DD /* TableViewSectionsHeadersFooters */ = {
			isa = PBXNativeTarget;
			buildConfigurationList = DF22FBFB275BA8D3003718DD /* Build configuration list for PBXNativeTarget "TableViewSectionsHeadersFooters" */;
			buildPhases = (
				DF22FBE0275BA8D3003718DD /* Sources */,
				DF22FBE1275BA8D3003718DD /* Frameworks */,
				DF22FBE2275BA8D3003718DD /* Resources */,
			);
			buildRules = (
			);
			dependencies = (
			);
			name = TableViewSectionsHeadersFooters;
			productName = TableViewSectionsHeadersFooters;
			productReference = DF22FBE4275BA8D3003718DD /* TableViewSectionsHeadersFooters.app */;
			productType = "com.apple.product-type.application";
		};
/* End PBXNativeTarget section */

/* Begin PBXProject section */
		DF22FBDC275BA8D3003718DD /* Project object */ = {
			isa = PBXProject;
			attributes = {
				BuildIndependentTargetsInParallel = 1;
				LastSwiftUpdateCheck = 1300;
				LastUpgradeCheck = 1300;
				TargetAttributes = {
					DF22FBE3275BA8D3003718DD = {
						CreatedOnToolsVersion = 13.0;
					};
				};
			};
			buildConfigurationList = DF22FBDF275BA8D3003718DD /* Build configuration list for PBXProject "TableViewSectionsHeadersFooters" */;
			compatibilityVersion = "Xcode 13.0";
			developmentRegion = en;
			hasScannedForEncodings = 0;
			knownRegions = (
				en,
				Base,
			);
			mainGroup = DF22FBDB275BA8D3003718DD;
			productRefGroup = DF22FBE5275BA8D3003718DD /* Products */;
			projectDirPath = "";
			projectRoot = "";
			targets = (
				DF22FBE3275BA8D3003718DD /* TableViewSectionsHeadersFooters */,
			);
		};
/* End PBXProject section */

/* Begin PBXResourcesBuildPhase section */
		DF22FBE2275BA8D3003718DD /* Resources */ = {
			isa = PBXResourcesBuildPhase;
			buildActionMask = 2147483647;
			files = (
				DF22FBF7275BA8D3003718DD /* LaunchScreen.storyboard in Resources */,
				DF22FBF4275BA8D3003718DD /* Assets.xcassets in Resources */,
				DF22FBEF275BA8D3003718DD /* Main.storyboard in Resources */,
			);
			runOnlyForDeploymentPostprocessing = 0;
		};
/* End PBXResourcesBuildPhase section */

/* Begin PBXSourcesBuildPhase section */
		DF22FBE0275BA8D3003718DD /* Sources */ = {
			isa = PBXSourcesBuildPhase;
			buildActionMask = 2147483647;
			files = (
				DF22FBEC275BA8D3003718DD /* ViewController.swift in Sources */,
				DF22FBF2275BA8D3003718DD /* TableViewSectionsHeadersFooters.xcdatamodeld in Sources */,
				DF22FBE8275BA8D3003718DD /* AppDelegate.swift in Sources */,
				DF22FBEA275BA8D3003718DD /* SceneDelegate.swift in Sources */,
			);
			runOnlyForDeploymentPostprocessing = 0;
		};
/* End PBXSourcesBuildPhase section */

/* Begin PBXVariantGroup section */
		DF22FBED275BA8D3003718DD /* Main.storyboard */ = {
			isa = PBXVariantGroup;
			children = (
				DF22FBEE275BA8D3003718DD /* Base */,
			);
			name = Main.storyboard;
			sourceTree = "<group>";
		};
		DF22FBF5275BA8D3003718DD /* LaunchScreen.storyboard */ = {
			isa = PBXVariantGroup;
			children = (
				DF22FBF6275BA8D3003718DD /* Base */,
			);
			name = LaunchScreen.storyboard;
			sourceTree = "<group>";
		};
/* End PBXVariantGroup section */

/* Begin XCBuildConfiguration section */
		DF22FBF9275BA8D3003718DD /* Debug */ = {
			isa = XCBuildConfiguration;
			buildSettings = {
				ALWAYS_SEARCH_USER_PATHS = NO;
				CLANG_ANALYZER_NONNULL = YES;
				CLANG_ANALYZER_NUMBER_OBJECT_CONVERSION = YES_AGGRESSIVE;
				CLANG_CXX_LANGUAGE_STANDARD = "gnu++17";
				CLANG_CXX_LIBRARY = "libc++";
				CLANG_ENABLE_MODULES = YES;
				CLANG_ENABLE_OBJC_ARC = YES;
				CLANG_ENABLE_OBJC_WEAK = YES;
				CLANG_WARN_BLOCK_CAPTURE_AUTORELEASING = YES;
				CLANG_WARN_BOOL_CONVERSION = YES;
				CLANG_WARN_COMMA = YES;
				CLANG_WARN_CONSTANT_CONVERSION = YES;
				CLANG_WARN_DEPRECATED_OBJC_IMPLEMENTATIONS = YES;
				CLANG_WARN_DIRECT_OBJC_ISA_USAGE = YES_ERROR;
				CLANG_WARN_DOCUMENTATION_COMMENTS = YES;
				CLANG_WARN_EMPTY_BODY = YES;
				CLANG_WARN_ENUM_CONVERSION = YES;
				CLANG_WARN_INFINITE_RECURSION = YES;
				CLANG_WARN_INT_CONVERSION = YES;
				CLANG_WARN_NON_LITERAL_NULL_CONVERSION = YES;
				CLANG_WARN_OBJC_IMPLICIT_RETAIN_SELF = YES;
				CLANG_WARN_OBJC_LITERAL_CONVERSION = YES;
				CLANG_WARN_OBJC_ROOT_CLASS = YES_ERROR;
				CLANG_WARN_QUOTED_INCLUDE_IN_FRAMEWORK_HEADER = YES;
				CLANG_WARN_RANGE_LOOP_ANALYSIS = YES;
				CLANG_WARN_STRICT_PROTOTYPES = YES;
				CLANG_WARN_SUSPICIOUS_MOVE = YES;
				CLANG_WARN_UNGUARDED_AVAILABILITY = YES_AGGRESSIVE;
				CLANG_WARN_UNREACHABLE_CODE = YES;
				CLANG_WARN__DUPLICATE_METHOD_MATCH = YES;
				COPY_PHASE_STRIP = NO;
				DEBUG_INFORMATION_FORMAT = dwarf;
				ENABLE_STRICT_OBJC_MSGSEND = YES;
				ENABLE_TESTABILITY = YES;
				GCC_C_LANGUAGE_STANDARD = gnu11;
				GCC_DYNAMIC_NO_PIC = NO;
				GCC_NO_COMMON_BLOCKS = YES;
				GCC_OPTIMIZATION_LEVEL = 0;
				GCC_PREPROCESSOR_DEFINITIONS = (
					"DEBUG=1",
					"$(inherited)",
				);
				GCC_WARN_64_TO_32_BIT_CONVERSION = YES;
				GCC_WARN_ABOUT_RETURN_TYPE = YES_ERROR;
				GCC_WARN_UNDECLARED_SELECTOR = YES;
				GCC_WARN_UNINITIALIZED_AUTOS = YES_AGGRESSIVE;
				GCC_WARN_UNUSED_FUNCTION = YES;
				GCC_WARN_UNUSED_VARIABLE = YES;
				IPHONEOS_DEPLOYMENT_TARGET = 15.0;
				MTL_ENABLE_DEBUG_INFO = INCLUDE_SOURCE;
				MTL_FAST_MATH = YES;
				ONLY_ACTIVE_ARCH = YES;
				SDKROOT = iphoneos;
				SWIFT_ACTIVE_COMPILATION_CONDITIONS = DEBUG;
				SWIFT_OPTIMIZATION_LEVEL = "-Onone";
			};
			name = Debug;
		};
		DF22FBFA275BA8D3003718DD /* Release */ = {
			isa = XCBuildConfiguration;
			buildSettings = {
				ALWAYS_SEARCH_USER_PATHS = NO;
				CLANG_ANALYZER_NONNULL = YES;
				CLANG_ANALYZER_NUMBER_OBJECT_CONVERSION = YES_AGGRESSIVE;
				CLANG_CXX_LANGUAGE_STANDARD = "gnu++17";
				CLANG_CXX_LIBRARY = "libc++";
				CLANG_ENABLE_MODULES = YES;
				CLANG_ENABLE_OBJC_ARC = YES;
				CLANG_ENABLE_OBJC_WEAK = YES;
				CLANG_WARN_BLOCK_CAPTURE_AUTORELEASING = YES;
				CLANG_WARN_BOOL_CONVERSION = YES;
				CLANG_WARN_COMMA = YES;
				CLANG_WARN_CONSTANT_CONVERSION = YES;
				CLANG_WARN_DEPRECATED_OBJC_IMPLEMENTATIONS = YES;
				CLANG_WARN_DIRECT_OBJC_ISA_USAGE = YES_ERROR;
				CLANG_WARN_DOCUMENTATION_COMMENTS = YES;
				CLANG_WARN_EMPTY_BODY = YES;
				CLANG_WARN_ENUM_CONVERSION = YES;
				CLANG_WARN_INFINITE_RECURSION = YES;
				CLANG_WARN_INT_CONVERSION = YES;
				CLANG_WARN_NON_LITERAL_NULL_CONVERSION = YES;
				CLANG_WARN_OBJC_IMPLICIT_RETAIN_SELF = YES;
				CLANG_WARN_OBJC_LITERAL_CONVERSION = YES;
				CLANG_WARN_OBJC_ROOT_CLASS = YES_ERROR;
				CLANG_WARN_QUOTED_INCLUDE_IN_FRAMEWORK_HEADER = YES;
				CLANG_WARN_RANGE_LOOP_ANALYSIS = YES;
				CLANG_WARN_STRICT_PROTOTYPES = YES;
				CLANG_WARN_SUSPICIOUS_MOVE = YES;
				CLANG_WARN_UNGUARDED_AVAILABILITY = YES_AGGRESSIVE;
				CLANG_WARN_UNREACHABLE_CODE = YES;
				CLANG_WARN__DUPLICATE_METHOD_MATCH = YES;
				COPY_PHASE_STRIP = NO;
				DEBUG_INFORMATION_FORMAT = "dwarf-with-dsym";
				ENABLE_NS_ASSERTIONS = NO;
				ENABLE_STRICT_OBJC_MSGSEND = YES;
				GCC_C_LANGUAGE_STANDARD = gnu11;
				GCC_NO_COMMON_BLOCKS = YES;
				GCC_WARN_64_TO_32_BIT_CONVERSION = YES;
				GCC_WARN_ABOUT_RETURN_TYPE = YES_ERROR;
				GCC_WARN_UNDECLARED_SELECTOR = YES;
				GCC_WARN_UNINITIALIZED_AUTOS = YES_AGGRESSIVE;
				GCC_WARN_UNUSED_FUNCTION = YES;
				GCC_WARN_UNUSED_VARIABLE = YES;
				IPHONEOS_DEPLOYMENT_TARGET = 15.0;
				MTL_ENABLE_DEBUG_INFO = NO;
				MTL_FAST_MATH = YES;
				SDKROOT = iphoneos;
				SWIFT_COMPILATION_MODE = wholemodule;
				SWIFT_OPTIMIZATION_LEVEL = "-O";
				VALIDATE_PRODUCT = YES;
			};
			name = Release;
		};
		DF22FBFC275BA8D3003718DD /* Debug */ = {
			isa = XCBuildConfiguration;
			buildSettings = {
				ASSETCATALOG_COMPILER_APPICON_NAME = AppIcon;
				ASSETCATALOG_COMPILER_GLOBAL_ACCENT_COLOR_NAME = AccentColor;
				CODE_SIGN_STYLE = Automatic;
				CURRENT_PROJECT_VERSION = 1;
				GENERATE_INFOPLIST_FILE = YES;
				INFOPLIST_FILE = TableViewSectionsHeadersFooters/Info.plist;
				INFOPLIST_KEY_UIApplicationSupportsIndirectInputEvents = YES;
				INFOPLIST_KEY_UILaunchStoryboardName = LaunchScreen;
				INFOPLIST_KEY_UIMainStoryboardFile = Main;
				INFOPLIST_KEY_UISupportedInterfaceOrientations_iPad = "UIInterfaceOrientationPortrait UIInterfaceOrientationPortraitUpsideDown UIInterfaceOrientationLandscapeLeft UIInterfaceOrientationLandscapeRight";
				INFOPLIST_KEY_UISupportedInterfaceOrientations_iPhone = "UIInterfaceOrientationPortrait UIInterfaceOrientationLandscapeLeft UIInterfaceOrientationLandscapeRight";
				LD_RUNPATH_SEARCH_PATHS = (
					"$(inherited)",
					"@executable_path/Frameworks",
				);
				MARKETING_VERSION = 1.0;
				PRODUCT_BUNDLE_IDENTIFIER = com.kaanyalcinkaya.TableViewSectionsHeadersFooters;
				PRODUCT_NAME = "$(TARGET_NAME)";
				SWIFT_EMIT_LOC_STRINGS = YES;
				SWIFT_VERSION = 5.0;
				TARGETED_DEVICE_FAMILY = "1,2";
			};
			name = Debug;
		};
		DF22FBFD275BA8D3003718DD /* Release */ = {
			isa = XCBuildConfiguration;
			buildSettings = {
				ASSETCATALOG_COMPILER_APPICON_NAME = AppIcon;
				ASSETCATALOG_COMPILER_GLOBAL_ACCENT_COLOR_NAME = AccentColor;
				CODE_SIGN_STYLE = Automatic;
				CURRENT_PROJECT_VERSION = 1;
				GENERATE_INFOPLIST_FILE = YES;
				INFOPLIST_FILE = TableViewSectionsHeadersFooters/Info.plist;
				INFOPLIST_KEY_UIApplicationSupportsIndirectInputEvents = YES;
				INFOPLIST_KEY_UILaunchStoryboardName = LaunchScreen;
				INFOPLIST_KEY_UIMainStoryboardFile = Main;
				INFOPLIST_KEY_UISupportedInterfaceOrientations_iPad = "UIInterfaceOrientationPortrait UIInterfaceOrientationPortraitUpsideDown UIInterfaceOrientationLandscapeLeft UIInterfaceOrientationLandscapeRight";
				INFOPLIST_KEY_UISupportedInterfaceOrientations_iPhone = "UIInterfaceOrientationPortrait UIInterfaceOrientationLandscapeLeft UIInterfaceOrientationLandscapeRight";
				LD_RUNPATH_SEARCH_PATHS = (
					"$(inherited)",
					"@executable_path/Frameworks",
				);
				MARKETING_VERSION = 1.0;
				PRODUCT_BUNDLE_IDENTIFIER = com.kaanyalcinkaya.TableViewSectionsHeadersFooters;
				PRODUCT_NAME = "$(TARGET_NAME)";
				SWIFT_EMIT_LOC_STRINGS = YES;
				SWIFT_VERSION = 5.0;
				TARGETED_DEVICE_FAMILY = "1,2";
			};
			name = Release;
		};
/* End XCBuildConfiguration section */

/* Begin XCConfigurationList section */
		DF22FBDF275BA8D3003718DD /* Build configuration list for PBXProject "TableViewSectionsHeadersFooters" */ = {
			isa = XCConfigurationList;
			buildConfigurations = (
				DF22FBF9275BA8D3003718DD /* Debug */,
				DF22FBFA275BA8D3003718DD /* Release */,
			);
			defaultConfigurationIsVisible = 0;
			defaultConfigurationName = Release;
		};
		DF22FBFB275BA8D3003718DD /* Build configuration list for PBXNativeTarget "TableViewSectionsHeadersFooters" */ = {
			isa = XCConfigurationList;
			buildConfigurations = (
				DF22FBFC275BA8D3003718DD /* Debug */,
				DF22FBFD275BA8D3003718DD /* Release */,
			);
			defaultConfigurationIsVisible = 0;
			defaultConfigurationName = Release;
		};
/* End XCConfigurationList section */

/* Begin XCVersionGroup section */
		DF22FBF0275BA8D3003718DD /* TableViewSectionsHeadersFooters.xcdatamodeld */ = {
			isa = XCVersionGroup;
			children = (
				DF22FBF1275BA8D3003718DD /* TableViewSectionsHeadersFooters.xcdatamodel */,
			);
			currentVersion = DF22FBF1275BA8D3003718DD /* TableViewSectionsHeadersFooters.xcdatamodel */;
			path = TableViewSectionsHeadersFooters.xcdatamodeld;
			sourceTree = "<group>";
			versionGroupType = wrapper.xcdatamodel;
		};
/* End XCVersionGroup section */
	};
	rootObject = DF22FBDC275BA8D3003718DD /* Project object */;
}
